
Microsoft Visual Studio Solution File, Format Version 12.00
# Visual Studio Version 17
VisualStudioVersion = 17.5.33516.290
MinimumVisualStudioVersion = 10.0.40219.1
Project("{2150E333-8FDC-42A3-9474-1A3956D46DE8}") = "1.1-Presentation", "1.1-Presentation", "{BE4F7CE1-8EB9-4226-896C-A1384A1451E7}"
EndProject
Project("{2150E333-8FDC-42A3-9474-1A3956D46DE8}") = "Core", "Core", "{D9546A1B-B0C4-436E-B4FC-1608EE1F60E4}"
EndProject
Project("{2150E333-8FDC-42A3-9474-1A3956D46DE8}") = "2- Application", "2- Application", "{E1C101C1-7AE0-454B-BCB6-D456A5D91136}"
EndProject
Project("{2150E333-8FDC-42A3-9474-1A3956D46DE8}") = "3-Services", "3-Services", "{EDCA6337-D4DC-4882-B994-029D2231C0A2}"
EndProject
Project("{2150E333-8FDC-42A3-9474-1A3956D46DE8}") = "4-Domain", "4-Domain", "{7469B4A4-7932-4E94-A48E-F9329DFADAEA}"
EndProject
Project("{2150E333-8FDC-42A3-9474-1A3956D46DE8}") = "5-Infraestructures", "5-Infraestructures", "{D675E8BD-C3F0-42B0-B026-28877E0237F6}"
EndProject
Project("{2150E333-8FDC-42A3-9474-1A3956D46DE8}") = "6-Util", "6-Util", "{18F54413-860D-4C9A-AB04-1D9B0ACEFD59}"
EndProject
Project("{2150E333-8FDC-42A3-9474-1A3956D46DE8}") = "Core", "Core", "{8A4DBB50-3445-41C2-814D-CFD92EAF8BA4}"
EndProject
Project("{FAE04EC0-301F-11D3-BF4B-00C04F79EFBC}") = "ND.GradGate.Util", "6-Util\ND.GradGate.Util\ND.GradGate.Util.csproj", "{2EFF5B61-6753-428C-A5F3-0A5DBCD9CF26}"
EndProject
Project("{FAE04EC0-301F-11D3-BF4B-00C04F79EFBC}") = "ND.GradGate.Kernel.Util", "6-Util\Core\ND.GradGate.Kernel.Util\ND.GradGate.Kernel.Util.csproj", "{D5E54CC8-7707-47C6-96BA-955C8F2DBF1F}"
EndProject
Project("{2150E333-8FDC-42A3-9474-1A3956D46DE8}") = "5.1-Data", "5.1-Data", "{B7259279-B621-4E58-938C-D1AECE1D74B1}"
EndProject
Project("{2150E333-8FDC-42A3-9474-1A3956D46DE8}") = "Core", "Core", "{89266FAA-1842-4A1B-835E-FEBECDD2FA75}"
EndProject
Project("{FAE04EC0-301F-11D3-BF4B-00C04F79EFBC}") = "ND.GradGate.Kernel.DataAccess.Persistent", "5.1-Infraestructure\Core\ND.GradGate.Kernel.DataAccess.Persistent\ND.GradGate.Kernel.DataAccess.Persistent.csproj", "{E66B7962-DC57-4AEB-BD97-081CD2155BE8}"
EndProject
Project("{2150E333-8FDC-42A3-9474-1A3956D46DE8}") = "Core", "Core", "{4E7BAC9B-3D2B-4520-9574-5F9FE749EB2B}"
EndProject
Project("{FAE04EC0-301F-11D3-BF4B-00C04F79EFBC}") = "ND.GradGate.Kernel.Domain.Core", "4-Domain\Core\ND.GradGate.Kernel.Domain.Core\ND.GradGate.Kernel.Domain.Core.csproj", "{B839691B-02AA-4AD5-A3A7-B8672A629736}"
EndProject
Project("{FAE04EC0-301F-11D3-BF4B-00C04F79EFBC}") = "ND.GradGate.Kernel.DataAccess", "5.1-Infraestructure\ND.GradGate.Kernel.DataAccess\ND.GradGate.Kernel.DataAccess.csproj", "{74915B08-0F70-4974-8875-F88012017A39}"
EndProject
Project("{FAE04EC0-301F-11D3-BF4B-00C04F79EFBC}") = "ND.GradGate.Kernel.Service.Core.APIBase", "1.1-Presentation\Core\ND.GradGate.Kernel.Service.Core.APIBase\ND.GradGate.Kernel.Service.Core.APIBase.csproj", "{9B8A92C9-AE24-4575-B0F7-5CE2B04B5CD5}"
EndProject
Project("{FAE04EC0-301F-11D3-BF4B-00C04F79EFBC}") = "ND.GradGate.Kernel", "1.1-Presentation\ND.GradGate.Kernel\ND.GradGate.Kernel.csproj", "{C568F6EF-3347-448E-AE02-FCAE077AD5E7}"
EndProject
Project("{FAE04EC0-301F-11D3-BF4B-00C04F79EFBC}") = "ND.GradGate.Kernel.Domain", "4-Domain\ND.GradGate.Kernel.Domain\ND.GradGate.Kernel.Domain.csproj", "{FF5C2AAD-9015-4748-AC4E-EC1A323FD9D3}"
EndProject
Project("{FAE04EC0-301F-11D3-BF4B-00C04F79EFBC}") = "ND.GradGate.Kernel.Application", "2-Application\ND.GradGate.Kernel.Application\ND.GradGate.Kernel.Application.csproj", "{17E42E62-7BCA-45FD-AC17-66ED82F431BA}"
EndProject
Project("{FAE04EC0-301F-11D3-BF4B-00C04F79EFBC}") = "ND.GradGate.Kernel.Domain.Contracts", "4-Domain\ND.GradGate.Kernel.Domain.Contracts\ND.GradGate.Kernel.Domain.Contracts.csproj", "{CE8A6F1E-9D86-4C5E-BBCC-994E046F9A14}"
EndProject
Global
	GlobalSection(SolutionConfigurationPlatforms) = preSolution
		Debug|Any CPU = Debug|Any CPU
		Release|Any CPU = Release|Any CPU
	EndGlobalSection
	GlobalSection(ProjectConfigurationPlatforms) = postSolution
		{2EFF5B61-6753-428C-A5F3-0A5DBCD9CF26}.Debug|Any CPU.ActiveCfg = Debug|Any CPU
		{2EFF5B61-6753-428C-A5F3-0A5DBCD9CF26}.Debug|Any CPU.Build.0 = Debug|Any CPU
		{2EFF5B61-6753-428C-A5F3-0A5DBCD9CF26}.Release|Any CPU.ActiveCfg = Release|Any CPU
		{2EFF5B61-6753-428C-A5F3-0A5DBCD9CF26}.Release|Any CPU.Build.0 = Release|Any CPU
		{D5E54CC8-7707-47C6-96BA-955C8F2DBF1F}.Debug|Any CPU.ActiveCfg = Debug|Any CPU
		{D5E54CC8-7707-47C6-96BA-955C8F2DBF1F}.Debug|Any CPU.Build.0 = Debug|Any CPU
		{D5E54CC8-7707-47C6-96BA-955C8F2DBF1F}.Release|Any CPU.ActiveCfg = Release|Any CPU
		{D5E54CC8-7707-47C6-96BA-955C8F2DBF1F}.Release|Any CPU.Build.0 = Release|Any CPU
		{E66B7962-DC57-4AEB-BD97-081CD2155BE8}.Debug|Any CPU.ActiveCfg = Debug|Any CPU
		{E66B7962-DC57-4AEB-BD97-081CD2155BE8}.Debug|Any CPU.Build.0 = Debug|Any CPU
		{E66B7962-DC57-4AEB-BD97-081CD2155BE8}.Release|Any CPU.ActiveCfg = Release|Any CPU
		{E66B7962-DC57-4AEB-BD97-081CD2155BE8}.Release|Any CPU.Build.0 = Release|Any CPU
		{B839691B-02AA-4AD5-A3A7-B8672A629736}.Debug|Any CPU.ActiveCfg = Debug|Any CPU
		{B839691B-02AA-4AD5-A3A7-B8672A629736}.Debug|Any CPU.Build.0 = Debug|Any CPU
		{B839691B-02AA-4AD5-A3A7-B8672A629736}.Release|Any CPU.ActiveCfg = Release|Any CPU
		{B839691B-02AA-4AD5-A3A7-B8672A629736}.Release|Any CPU.Build.0 = Release|Any CPU
		{74915B08-0F70-4974-8875-F88012017A39}.Debug|Any CPU.ActiveCfg = Debug|Any CPU
		{74915B08-0F70-4974-8875-F88012017A39}.Debug|Any CPU.Build.0 = Debug|Any CPU
		{74915B08-0F70-4974-8875-F88012017A39}.Release|Any CPU.ActiveCfg = Release|Any CPU
		{74915B08-0F70-4974-8875-F88012017A39}.Release|Any CPU.Build.0 = Release|Any CPU
		{9B8A92C9-AE24-4575-B0F7-5CE2B04B5CD5}.Debug|Any CPU.ActiveCfg = Debug|Any CPU
		{9B8A92C9-AE24-4575-B0F7-5CE2B04B5CD5}.Debug|Any CPU.Build.0 = Debug|Any CPU
		{9B8A92C9-AE24-4575-B0F7-5CE2B04B5CD5}.Release|Any CPU.ActiveCfg = Release|Any CPU
		{9B8A92C9-AE24-4575-B0F7-5CE2B04B5CD5}.Release|Any CPU.Build.0 = Release|Any CPU
		{C568F6EF-3347-448E-AE02-FCAE077AD5E7}.Debug|Any CPU.ActiveCfg = Debug|Any CPU
		{C568F6EF-3347-448E-AE02-FCAE077AD5E7}.Debug|Any CPU.Build.0 = Debug|Any CPU
		{C568F6EF-3347-448E-AE02-FCAE077AD5E7}.Release|Any CPU.ActiveCfg = Release|Any CPU
		{C568F6EF-3347-448E-AE02-FCAE077AD5E7}.Release|Any CPU.Build.0 = Release|Any CPU
		{FF5C2AAD-9015-4748-AC4E-EC1A323FD9D3}.Debug|Any CPU.ActiveCfg = Debug|Any CPU
		{FF5C2AAD-9015-4748-AC4E-EC1A323FD9D3}.Debug|Any CPU.Build.0 = Debug|Any CPU
		{FF5C2AAD-9015-4748-AC4E-EC1A323FD9D3}.Release|Any CPU.ActiveCfg = Release|Any CPU
		{FF5C2AAD-9015-4748-AC4E-EC1A323FD9D3}.Release|Any CPU.Build.0 = Release|Any CPU
		{17E42E62-7BCA-45FD-AC17-66ED82F431BA}.Debug|Any CPU.ActiveCfg = Debug|Any CPU
		{17E42E62-7BCA-45FD-AC17-66ED82F431BA}.Debug|Any CPU.Build.0 = Debug|Any CPU
		{17E42E62-7BCA-45FD-AC17-66ED82F431BA}.Release|Any CPU.ActiveCfg = Release|Any CPU
		{17E42E62-7BCA-45FD-AC17-66ED82F431BA}.Release|Any CPU.Build.0 = Release|Any CPU
		{CE8A6F1E-9D86-4C5E-BBCC-994E046F9A14}.Debug|Any CPU.ActiveCfg = Debug|Any CPU
		{CE8A6F1E-9D86-4C5E-BBCC-994E046F9A14}.Debug|Any CPU.Build.0 = Debug|Any CPU
		{CE8A6F1E-9D86-4C5E-BBCC-994E046F9A14}.Release|Any CPU.ActiveCfg = Release|Any CPU
		{CE8A6F1E-9D86-4C5E-BBCC-994E046F9A14}.Release|Any CPU.Build.0 = Release|Any CPU
	EndGlobalSection
	GlobalSection(SolutionProperties) = preSolution
		HideSolutionNode = FALSE
	EndGlobalSection
	GlobalSection(NestedProjects) = preSolution
		{D9546A1B-B0C4-436E-B4FC-1608EE1F60E4} = {BE4F7CE1-8EB9-4226-896C-A1384A1451E7}
		{8A4DBB50-3445-41C2-814D-CFD92EAF8BA4} = {18F54413-860D-4C9A-AB04-1D9B0ACEFD59}
		{2EFF5B61-6753-428C-A5F3-0A5DBCD9CF26} = {18F54413-860D-4C9A-AB04-1D9B0ACEFD59}
		{D5E54CC8-7707-47C6-96BA-955C8F2DBF1F} = {8A4DBB50-3445-41C2-814D-CFD92EAF8BA4}
		{B7259279-B621-4E58-938C-D1AECE1D74B1} = {D675E8BD-C3F0-42B0-B026-28877E0237F6}
		{89266FAA-1842-4A1B-835E-FEBECDD2FA75} = {B7259279-B621-4E58-938C-D1AECE1D74B1}
		{E66B7962-DC57-4AEB-BD97-081CD2155BE8} = {89266FAA-1842-4A1B-835E-FEBECDD2FA75}
		{4E7BAC9B-3D2B-4520-9574-5F9FE749EB2B} = {7469B4A4-7932-4E94-A48E-F9329DFADAEA}
		{B839691B-02AA-4AD5-A3A7-B8672A629736} = {4E7BAC9B-3D2B-4520-9574-5F9FE749EB2B}
		{74915B08-0F70-4974-8875-F88012017A39} = {D675E8BD-C3F0-42B0-B026-28877E0237F6}
		{9B8A92C9-AE24-4575-B0F7-5CE2B04B5CD5} = {D9546A1B-B0C4-436E-B4FC-1608EE1F60E4}
		{C568F6EF-3347-448E-AE02-FCAE077AD5E7} = {BE4F7CE1-8EB9-4226-896C-A1384A1451E7}
		{FF5C2AAD-9015-4748-AC4E-EC1A323FD9D3} = {7469B4A4-7932-4E94-A48E-F9329DFADAEA}
		{17E42E62-7BCA-45FD-AC17-66ED82F431BA} = {E1C101C1-7AE0-454B-BCB6-D456A5D91136}
		{CE8A6F1E-9D86-4C5E-BBCC-994E046F9A14} = {7469B4A4-7932-4E94-A48E-F9329DFADAEA}
	EndGlobalSection
	GlobalSection(ExtensibilityGlobals) = postSolution
		SolutionGuid = {1D2BAAAF-CE08-4732-A4D5-5D30CC5DC140}
	EndGlobalSection
EndGlobal
